{
  "version": "5",
  "remote": {
    "https://deno.land/std@0.120.0/_util/assert.ts": "2f868145a042a11d5ad0a3c748dcf580add8a0dbc0e876eaa0026303a5488f58",
    "https://deno.land/std@0.120.0/_util/os.ts": "dfb186cc4e968c770ab6cc3288bd65f4871be03b93beecae57d657232ecffcac",
    "https://deno.land/std@0.120.0/async/deadline.ts": "1d6ac7aeaee22f75eb86e4e105d6161118aad7b41ae2dd14f4cfd3bf97472b93",
    "https://deno.land/std@0.120.0/async/debounce.ts": "b2f693e4baa16b62793fd618de6c003b63228db50ecfe3bd51fc5f6dc0bc264b",
    "https://deno.land/std@0.120.0/async/deferred.ts": "ab60d46ba561abb3b13c0c8085d05797a384b9f182935f051dc67136817acdee",
    "https://deno.land/std@0.120.0/async/delay.ts": "f2d8ccaa8ebc26594bd8b0989edfd8a96257a714c1dee2fb54d986e5bdd840ac",
    "https://deno.land/std@0.120.0/async/mod.ts": "78425176fabea7bd1046ce3819fd69ce40da85c83e0f174d17e8e224a91f7d10",
    "https://deno.land/std@0.120.0/async/mux_async_iterator.ts": "62abff3af9ff619e8f2adc96fc70d4ca020fa48a50c23c13f12d02ed2b760dbe",
    "https://deno.land/std@0.120.0/async/pool.ts": "353ce4f91865da203a097aa6f33de8966340c91b6f4a055611c8c5d534afd12f",
    "https://deno.land/std@0.120.0/async/tee.ts": "3e9f2ef6b36e55188de16a667c702ace4ad0cf84e3720379160e062bf27348ad",
    "https://deno.land/std@0.120.0/bytes/bytes_list.ts": "3bff6a09c72b2e0b1e92e29bd3b135053894196cca07a2bba842901073efe5cb",
    "https://deno.land/std@0.120.0/bytes/equals.ts": "69f55fdbd45c71f920c1a621e6c0865dc780cd8ae34e0f5e55a9497b70c31c1b",
    "https://deno.land/std@0.120.0/bytes/mod.ts": "fedb80b8da2e7ad8dd251148e65f92a04c73d6c5a430b7d197dc39588c8dda6f",
    "https://deno.land/std@0.120.0/encoding/base64.ts": "0b58bd6477214838bf711eef43eac21e47ba9e5c81b2ce185fe25d9ecab3ebb3",
    "https://deno.land/std@0.120.0/encoding/base64url.ts": "a5c3f71c99a397f9c6da7701e7cae4c031700ae180ba68a0fc9ff9baca71e4ac",
    "https://deno.land/std@0.120.0/fmt/colors.ts": "8368ddf2d48dfe413ffd04cdbb7ae6a1009cf0dccc9c7ff1d76259d9c61a0621",
    "https://deno.land/std@0.120.0/fmt/printf.ts": "419510e0a3f7c8d680fbf6472d5a11e372854f1c2b32fca5fdb513575c485068",
    "https://deno.land/std@0.120.0/io/buffer.ts": "8f10342821b81990acf859cdccb4e4031c7c9187a0ffc3ed6b356ee29ecc6681",
    "https://deno.land/std@0.120.0/node/_buffer.js": "a43c35f89ef15c2107cba863d2cd0bd573e829a2a3b80167033da9b96066ce51",
    "https://deno.land/std@0.120.0/node/_core.ts": "8b105f152c9f8990f7558b0a0a514d4f3ab90a85c09ca60e489ca92ed5271f75",
    "https://deno.land/std@0.120.0/node/_errors.ts": "bf047995427fc15a27a182ee13021e94315fa758c1cc7c3576374876ab9f952a",
    "https://deno.land/std@0.120.0/node/_fixed_queue.ts": "ac68975e5663ea9cf2e465e91a7600fa3d5dc1a2f556cf80fd1ee25b37dbcedf",
    "https://deno.land/std@0.120.0/node/_next_tick.ts": "9b0bde39bfad9774be73b0fe9e77df757e147e2fc04784d51fe777d36d142260",
    "https://deno.land/std@0.120.0/node/_process/process.ts": "828b67fa5858e30901e11a84968b2732057cd0bea34afcf49f617498040e7dbe",
    "https://deno.land/std@0.120.0/node/_util/_debuglog.ts": "b46f7b640bad2afb8adf2b3560e6969071f9de0721dcec9e3530465ab5ec6c40",
    "https://deno.land/std@0.120.0/node/_util/_util_callbackify.ts": "a89ade5b5d989f9eb9261cd8179a5f8a1579c6a898549fab304200a85ee520b0",
    "https://deno.land/std@0.120.0/node/_utils.ts": "42e5b28e1740ba0be9b4ace2c9adb95317d9cadb099418c51ed34cd6a301cae3",
    "https://deno.land/std@0.120.0/node/buffer.ts": "cf37645cd1fc08f1afa02532dc6682cefd8cabbf44812aa9a4916e79bdd1cd11",
    "https://deno.land/std@0.120.0/node/internal/buffer.js": "21f4bfea78679e18bfebeb1d9ece1a94d337d282a2a68d43ab5ff655c2d33e56",
    "https://deno.land/std@0.120.0/node/internal/idna.ts": "6d7cce3e569fd1d9e558d63ab522700e57b998597196a4746436a62f3f8b1c7f",
    "https://deno.land/std@0.120.0/node/internal/querystring.ts": "1fdee1158205dd220c3711cce2e994bd0848abc7518d245856d142b08a266a07",
    "https://deno.land/std@0.120.0/node/internal/util.js": "846e98e7194c58dafa3b17e84853dd2ce37fec489dedb2a01e39b97b96f6d5a4",
    "https://deno.land/std@0.120.0/node/internal/util/comparisons.ts": "b8ce4d430a783d93121d0c4ed433a73b88dd49d5d49800174ae351fd83cbf6ee",
    "https://deno.land/std@0.120.0/node/internal/util/inspect.js": "2b50eb7e8b1d5a73a933f56a361262cf2f23429a8e1ca6ee47db04229bf12208",
    "https://deno.land/std@0.120.0/node/internal/util/types.ts": "31745332605771b59701baebf1655f389202b10bb787afb78e66c92486bc0332",
    "https://deno.land/std@0.120.0/node/internal/validators.js": "16b58d8ac8505897422d4ad273652a8cb36c470f470df9677700cc3b78c24c19",
    "https://deno.land/std@0.120.0/node/internal_binding/_libuv_winerror.ts": "9f4ee92cead8866de225d94ddff78277175b4046d0bd032d65372599d1a73f9b",
    "https://deno.land/std@0.120.0/node/internal_binding/_node.ts": "c257e872993334cfab1eaab8212d422b24f7388281f73c7bbdd9bbf1bb2a7841",
    "https://deno.land/std@0.120.0/node/internal_binding/_utils.ts": "ee6830db046e829b5c4d6df1de21f1a3d6464469a2fe303b32bc44bb171c2eeb",
    "https://deno.land/std@0.120.0/node/internal_binding/_winerror.ts": "27e4a7d78ae31e7b07faafd25fe46fa367271aec0a49f3be067f7ec160396a38",
    "https://deno.land/std@0.120.0/node/internal_binding/buffer.ts": "f92daf02083bdaf0006a06fa1f26a26436f4b7b0c5d000aff7d01da3d1aa42a5",
    "https://deno.land/std@0.120.0/node/internal_binding/constants.ts": "91c9274c8891f93262032129348b25f170162cb126dc424ec7ce8a2172812657",
    "https://deno.land/std@0.120.0/node/internal_binding/string_decoder.ts": "6aca87fb018705e34c39d6f67d610b14c8ca04a47ca58f0d1fc8d5f9281e6b7b",
    "https://deno.land/std@0.120.0/node/internal_binding/types.ts": "80621e22989a1431068bc3b7f59cab3afb42cfb4d4cd273e61fa2d11ab3abab6",
    "https://deno.land/std@0.120.0/node/internal_binding/util.ts": "446b4d704f4d588df98db9c6f9c7465c08a23f20f781ba55bcc246fb260012af",
    "https://deno.land/std@0.120.0/node/internal_binding/uv.ts": "3b722cd20508d54e4d790c825b23510a5fa4313ad42bfb8904704a738df32325",
    "https://deno.land/std@0.120.0/node/path.ts": "86b262d6957fba13d4f3d58a92ced49de4f40169d06542326b5547ff97257f0d",
    "https://deno.land/std@0.120.0/node/querystring.ts": "4f436efdd97659fe567c00f1cff233d4f5b67002ef388951db052dfe7c3de114",
    "https://deno.land/std@0.120.0/node/string_decoder.ts": "e97d4988a3490fd572fc23e64b3a33dabc4ac76c1fb82665f34dc8956d57a658",
    "https://deno.land/std@0.120.0/node/url.ts": "c58bd8adfde3833026c1c3c8f55cd14e37f9f1e4dd6b7b99c5feb4ace710e9b4",
    "https://deno.land/std@0.120.0/node/util.ts": "574a340e3e6608ea2d687c60f1a2d06f86c30b935ca999edef53893d89fd55dd",
    "https://deno.land/std@0.120.0/path/_constants.ts": "1247fee4a79b70c89f23499691ef169b41b6ccf01887a0abd131009c5581b853",
    "https://deno.land/std@0.120.0/path/_interface.ts": "1fa73b02aaa24867e481a48492b44f2598cd9dfa513c7b34001437007d3642e4",
    "https://deno.land/std@0.120.0/path/_util.ts": "2e06a3b9e79beaf62687196bd4b60a4c391d862cfa007a20fc3a39f778ba073b",
    "https://deno.land/std@0.120.0/path/common.ts": "f41a38a0719a1e85aa11c6ba3bea5e37c15dd009d705bd8873f94c833568cbc4",
    "https://deno.land/std@0.120.0/path/glob.ts": "7bf2349e818e332a830f3d8874c3f45dd7580b6c742ed50dbf6282d84ab18405",
    "https://deno.land/std@0.120.0/path/mod.ts": "4465dc494f271b02569edbb4a18d727063b5dbd6ed84283ff906260970a15d12",
    "https://deno.land/std@0.120.0/path/posix.ts": "34349174b9cd121625a2810837a82dd8b986bbaaad5ade690d1de75bbb4555b2",
    "https://deno.land/std@0.120.0/path/separator.ts": "8fdcf289b1b76fd726a508f57d3370ca029ae6976fcde5044007f062e643ff1c",
    "https://deno.land/std@0.120.0/path/win32.ts": "11549e8c6df8307a8efcfa47ad7b2a75da743eac7d4c89c9723a944661c8bd2e",
    "https://deno.land/std@0.120.0/streams/conversion.ts": "7ff9af42540063fa72003ab31a377ba9dde8532d43b16329b933c37a6d7aac5f",
    "https://deno.land/std@0.120.0/testing/_diff.ts": "e6a10d2aca8d6c27a9c5b8a2dbbf64353874730af539707b5b39d4128140642d",
    "https://deno.land/std@0.120.0/testing/asserts.ts": "3ef8c26b2a1e8e71c8a39279ab98e5743d1131a719b13828c6cd8e29f211ddaa",
    "https://deno.land/std@0.200.0/_util/os.ts": "d932f56d41e4f6a6093d56044e29ce637f8dcc43c5a90af43504a889cf1775e3",
    "https://deno.land/std@0.200.0/assert/assert.ts": "9a97dad6d98c238938e7540736b826440ad8c1c1e54430ca4c4e623e585607ee",
    "https://deno.land/std@0.200.0/assert/assertion_error.ts": "4d0bde9b374dfbcbe8ac23f54f567b77024fb67dbb1906a852d67fe050d42f56",
    "https://deno.land/std@0.200.0/async/deferred.ts": "42790112f36a75a57db4a96d33974a936deb7b04d25c6084a9fa8a49f135def8",
    "https://deno.land/std@0.200.0/bytes/bytes_list.ts": "31d664f4d42fa922066405d0e421c56da89d751886ee77bbe25a88bf0310c9d0",
    "https://deno.land/std@0.200.0/bytes/concat.ts": "d26d6f3d7922e6d663dacfcd357563b7bf4a380ce5b9c2bbe0c8586662f25ce2",
    "https://deno.land/std@0.200.0/bytes/copy.ts": "939d89e302a9761dcf1d9c937c7711174ed74c59eef40a1e4569a05c9de88219",
    "https://deno.land/std@0.200.0/bytes/ends_with.ts": "4228811ebc71615d27f065c54b5e815ec1972538772b0f413c0efe05245b472e",
    "https://deno.land/std@0.200.0/bytes/equals.ts": "fc190cce412b2136979181b163ec7e05f7e7a947e39102eee4b8c0d62519ddf9",
    "https://deno.land/std@0.200.0/bytes/includes_needle.ts": "76a8163126fb2f8bf86fd7f22192c3bb04bf6a20b987a095127c2ca08adf3ba6",
    "https://deno.land/std@0.200.0/bytes/index_of_needle.ts": "9c06610e9611b5647ac25952e71a22e09227c9f1b8cbeeb33399bf8bf8a7f649",
    "https://deno.land/std@0.200.0/bytes/last_index_of_needle.ts": "f1602f221c3b678bc4f1e1c88a70a15ab7da32c21751dbbc6c957c956951d784",
    "https://deno.land/std@0.200.0/bytes/mod.ts": "e869bba1e7a2e3a9cc6c2d55471888429a544e70a840c087672e656e7ba21815",
    "https://deno.land/std@0.200.0/bytes/repeat.ts": "6f5e490d8d72bcbf8d84a6bb04690b9b3eb5822c5a11687bca73a2318a842294",
    "https://deno.land/std@0.200.0/bytes/starts_with.ts": "3e607a70c9c09f5140b7a7f17a695221abcc7244d20af3eb47ccbb63f5885135",
    "https://deno.land/std@0.200.0/crypto/keystack.ts": "877ab0f19eb7d37ad6495190d3c3e39f58e9c52e0b6a966f82fd6df67ca55f90",
    "https://deno.land/std@0.200.0/crypto/timing_safe_equal.ts": "7b0a4d2ef1c17590e0ad6c0cb1776369d2ba80cd99e945005e117851690507fe",
    "https://deno.land/std@0.200.0/encoding/base64.ts": "144ae6234c1fbe5b68666c711dc15b1e9ee2aef6d42b3b4345bf9a6c91d70d0d",
    "https://deno.land/std@0.200.0/encoding/base64url.ts": "2ed4ba122b20fedf226c5d337cf22ee2024fa73a8f85d915d442af7e9ce1fae1",
    "https://deno.land/std@0.200.0/http/_negotiation/common.ts": "14d1a52427ab258a4b7161cd80e1d8a207b7cc64b46e911780f57ead5f4323c6",
    "https://deno.land/std@0.200.0/http/_negotiation/encoding.ts": "ff747d107277c88cb7a6a62a08eeb8d56dad91564cbcccb30694d5dc126dcc53",
    "https://deno.land/std@0.200.0/http/_negotiation/language.ts": "7bcddd8db3330bdb7ce4fc00a213c5547c1968139864201efd67ef2d0d51887d",
    "https://deno.land/std@0.200.0/http/_negotiation/media_type.ts": "58847517cd549384ad677c0fe89e0a4815be36fe7a303ea63cee5f6a1d7e1692",
    "https://deno.land/std@0.200.0/http/cookie_map.ts": "64601025a7d24c3ebd80a169ccc99145bdbfc60606935348e1d4366d0bf9010d",
    "https://deno.land/std@0.200.0/http/etag.ts": "807382795850cde5c437c74bcc09392bc0fc56de348fc1271f383f4b28935b9f",
    "https://deno.land/std@0.200.0/http/http_errors.ts": "bbda34819060af86537cecc9dc8e045f877130808b7e7acde4197c5328e852d0",
    "https://deno.land/std@0.200.0/http/http_status.ts": "8a7bcfe3ac025199ad804075385e57f63d055b2aed539d943ccc277616d6f932",
    "https://deno.land/std@0.200.0/http/method.ts": "e66c2a015cb46c21ab0bb3589aa4fca43143a506cb324ffdfd42d2edef7bc0c4",
    "https://deno.land/std@0.200.0/http/negotiation.ts": "46e74a6bad4b857333a58dc5b50fe8e5a4d5267e97292293ea65f980bd918086",
    "https://deno.land/std@0.200.0/http/server_sent_event.ts": "29f707c1afa5278ac0315ac115ee679d6b93596d5af3fad5ef33f04254ca76c1",
    "https://deno.land/std@0.200.0/http/user_agent.ts": "35d3c70d0926b0e121b8c1bbc324b3522479158acaa4f0c43928362b7bf4e6f4",
    "https://deno.land/std@0.200.0/io/buf_reader.ts": "2bccff0878537ef201c5051fc0db0ce8196388c5ea69d2be6be1900fe48c5f4b",
    "https://deno.land/std@0.200.0/io/buf_writer.ts": "48c33c8f00b61dcbc7958706741cec8e59810bd307bc6a326cbd474fe8346dfd",
    "https://deno.land/std@0.200.0/io/buffer.ts": "4d6883daeb2e698579c4064170515683d69f40f3de019bfe46c5cf31e74ae793",
    "https://deno.land/std@0.200.0/io/copy_n.ts": "c055296297b9d4897d90d1ac056b072dc02614e60c67f438e23fbce052ea4c69",
    "https://deno.land/std@0.200.0/io/limited_reader.ts": "6c9a216f8eef39c1ee2a6b37a29372c8fc63455b2eeb91f06d9646f8f759fc8b",
    "https://deno.land/std@0.200.0/io/mod.ts": "2665bcccc1fd6e8627cca167c3e92aaecbd9897556b6f69e6d258070ef63fd9b",
    "https://deno.land/std@0.200.0/io/multi_reader.ts": "9c2a0a31686c44b277e16da1d97b4686a986edcee48409b84be25eedbc39b271",
    "https://deno.land/std@0.200.0/io/read_delim.ts": "c02b93cc546ae8caad8682ae270863e7ace6daec24c1eddd6faabc95a9d876a3",
    "https://deno.land/std@0.200.0/io/read_int.ts": "7cb8bcdfaf1107586c3bacc583d11c64c060196cb070bb13ae8c2061404f911f",
    "https://deno.land/std@0.200.0/io/read_lines.ts": "c526c12a20a9386dc910d500f9cdea43cba974e853397790bd146817a7eef8cc",
    "https://deno.land/std@0.200.0/io/read_long.ts": "f0aaa420e3da1261c5d33c5e729f09922f3d9fa49f046258d4ff7a00d800c71e",
    "https://deno.land/std@0.200.0/io/read_range.ts": "46a2263d0f8369b6d9abb0b25d99ceb65ff08d621fc57bcc53832e6979295043",
    "https://deno.land/std@0.200.0/io/read_short.ts": "805cb329574b850b84bf14a92c052c59b5977a492cd780c41df8ad40826c1a20",
    "https://deno.land/std@0.200.0/io/read_string_delim.ts": "5dc9f53bdf78e7d4ee1e56b9b60352238ab236a71c3e3b2a713c3d78472a53ce",
    "https://deno.land/std@0.200.0/io/slice_long_to_bytes.ts": "48d9bace92684e880e46aa4a2520fc3867f9d7ce212055f76ecc11b22f9644b7",
    "https://deno.land/std@0.200.0/io/string_reader.ts": "da0f68251b3d5b5112485dfd4d1b1936135c9b4d921182a7edaf47f74c25cc8f",
    "https://deno.land/std@0.200.0/io/string_writer.ts": "8a03c5858c24965a54c6538bed15f32a7c72f5704a12bda56f83a40e28e5433e",
    "https://deno.land/std@0.200.0/media_types/_db.ts": "7606d83e31f23ce1a7968cbaee852810c2cf477903a095696cdc62eaab7ce570",
    "https://deno.land/std@0.200.0/media_types/_util.ts": "916efbd30b6148a716f110e67a4db29d6949bf4048997b754415dd7e42c52378",
    "https://deno.land/std@0.200.0/media_types/content_type.ts": "ad98a5aa2d95f5965b2796072284258710a25e520952376ed432b0937ce743bc",
    "https://deno.land/std@0.200.0/media_types/extension.ts": "a7cd28c9417143387cdfed27d4e8607ebcf5b1ec27eb8473d5b000144689fe65",
    "https://deno.land/std@0.200.0/media_types/extensions_by_type.ts": "43806d6a52a0d6d965ada9d20e60a982feb40bc7a82268178d94edb764694fed",
    "https://deno.land/std@0.200.0/media_types/format_media_type.ts": "f5e1073c05526a6f5a516ac5c5587a1abd043bf1039c71cde1166aa4328c8baf",
    "https://deno.land/std@0.200.0/media_types/get_charset.ts": "18b88274796fda5d353806bf409eb1d2ddb3f004eb4bd311662c4cdd8ac173db",
    "https://deno.land/std@0.200.0/media_types/mod.ts": "d3f0b99f85053bc0b98ecc24eaa3546dfa09b856dc0bbaf60d8956d2cdd710c8",
    "https://deno.land/std@0.200.0/media_types/parse_media_type.ts": "8cb0144385c555c9ce81881b7cee3fbb746f23b4af988fecdb7bd01ef8cc35b1",
    "https://deno.land/std@0.200.0/media_types/type_by_extension.ts": "daa801eb0f11cdf199445d0f1b656cf116d47dcf9e5b85cc1e6b4469f5ee0432",
    "https://deno.land/std@0.200.0/media_types/vendor/mime-db.v1.52.0.ts": "6925bbcae81ca37241e3f55908d0505724358cda3384eaea707773b2c7e99586",
    "https://deno.land/std@0.200.0/path/_basename.ts": "057d420c9049821f983f784fd87fa73ac471901fb628920b67972b0f44319343",
    "https://deno.land/std@0.200.0/path/_constants.ts": "e49961f6f4f48039c0dfed3c3f93e963ca3d92791c9d478ac5b43183413136e0",
    "https://deno.land/std@0.200.0/path/_dirname.ts": "355e297236b2218600aee7a5301b937204c62e12da9db4b0b044993d9e658395",
    "https://deno.land/std@0.200.0/path/_extname.ts": "eaaa5aae1acf1f03254d681bd6a8ce42a9cb5b7ff2213a9d4740e8ab31283664",
    "https://deno.land/std@0.200.0/path/_format.ts": "4a99270d6810f082e614309164fad75d6f1a483b68eed97c830a506cc589f8b4",
    "https://deno.land/std@0.200.0/path/_from_file_url.ts": "7e4e5626089785adddb061f1b9f4932d6b21c7df778e7449531a11e32048245c",
    "https://deno.land/std@0.200.0/path/_interface.ts": "6471159dfbbc357e03882c2266d21ef9afdb1e4aa771b0545e90db58a0ba314b",
    "https://deno.land/std@0.200.0/path/_is_absolute.ts": "05dac10b5e93c63198b92e3687baa2be178df5321c527dc555266c0f4f51558c",
    "https://deno.land/std@0.200.0/path/_join.ts": "fd78555bc34d5f188918fc7018dfe8fe2df5bbad94a3b30a433666c03934d77f",
    "https://deno.land/std@0.200.0/path/_normalize.ts": "a19ec8706b2707f9dd974662a5cd89fad438e62ab1857e08b314a8eb49a34d81",
    "https://deno.land/std@0.200.0/path/_parse.ts": "0f9b0ff43682dd9964eb1c4398610c4e165d8db9d3ac9d594220217adf480cfa",
    "https://deno.land/std@0.200.0/path/_relative.ts": "27bdeffb5311a47d85be26d37ad1969979359f7636c5cd9fcf05dcd0d5099dc5",
    "https://deno.land/std@0.200.0/path/_resolve.ts": "7a3616f1093735ed327e758313b79c3c04ea921808ca5f19ddf240cb68d0adf6",
    "https://deno.land/std@0.200.0/path/_to_file_url.ts": "739bfda583598790b2e77ce227f2bb618f6ebdb939788cea47555b43970ec58c",
    "https://deno.land/std@0.200.0/path/_to_namespaced_path.ts": "0d5f4caa2ed98ef7a8786286df6af804b50e38859ae897b5b5b4c8c5930a75c8",
    "https://deno.land/std@0.200.0/path/_util.ts": "4e191b1bac6b3bf0c31aab42e5ca2e01a86ab5a0d2e08b75acf8585047a86221",
    "https://deno.land/std@0.200.0/path/basename.ts": "6f08fbb90dbfcf320765b3abb01f995b1723f75e2534acfd5380e202c802a3aa",
    "https://deno.land/std@0.200.0/path/common.ts": "ee7505ab01fd22de3963b64e46cff31f40de34f9f8de1fff6a1bd2fe79380000",
    "https://deno.land/std@0.200.0/path/dirname.ts": "098996822a31b4c46e1eb52a19540d3c6f9f54b772fc8a197939eeabc29fca2f",
    "https://deno.land/std@0.200.0/path/extname.ts": "9b83c62fd16505739541f7a3ab447d8972da39dbf668d47af2f93206c2480893",
    "https://deno.land/std@0.200.0/path/format.ts": "cb22f95cc7853d590b87708cc9441785e760d711188facff3d225305a8213aca",
    "https://deno.land/std@0.200.0/path/from_file_url.ts": "a6221cfc928928ec4d9786d767dfac98fa2ab746af0786446c9834a07b98817e",
    "https://deno.land/std@0.200.0/path/glob.ts": "d479e0a695621c94d3fd7fe7abd4f9499caf32a8de13f25073451c6ef420a4e1",
    "https://deno.land/std@0.200.0/path/is_absolute.ts": "6b3d36352eb7fa29edb53f9e7b09b1aeb022a3c5465764f6cc5b8c41f9736197",
    "https://deno.land/std@0.200.0/path/join.ts": "4a2867ff2f3c81ffc9eb3d56dade16db6f8bd3854f269306d23dad4115089c84",
    "https://deno.land/std@0.200.0/path/mod.ts": "7765507696cb321994cdacfc19ee3ba61e8e3ebf4bd98fa75a276cf5dc18ce2a",
    "https://deno.land/std@0.200.0/path/normalize.ts": "7d992cd262b2deefa842d93a8ba2ed51f3949ba595b1d07f627ac2cddbc74808",
    "https://deno.land/std@0.200.0/path/parse.ts": "031fe488b3497fb8312fc1dc3c3d6c2d80707edd9c661e18ee9fd20f95edf322",
    "https://deno.land/std@0.200.0/path/posix.ts": "0a1c1952d132323a88736d03e92bd236f3ed5f9f079e5823fae07c8d978ee61b",
    "https://deno.land/std@0.200.0/path/relative.ts": "7db80c5035016174267da16321a742d76e875215c317859a383b12f413c6f5d6",
    "https://deno.land/std@0.200.0/path/resolve.ts": "103b62207726a27f28177f397008545804ecb20aaf00623af1f622b18cd80b9f",
    "https://deno.land/std@0.200.0/path/separator.ts": "0fb679739d0d1d7bf45b68dacfb4ec7563597a902edbaf3c59b50d5bcadd93b1",
    "https://deno.land/std@0.200.0/path/to_file_url.ts": "dd32f7a01bbf3b15b5df46796659984b372973d9b2d7d59bcf0eb990763a0cb5",
    "https://deno.land/std@0.200.0/path/to_namespaced_path.ts": "4e643ab729bf49ccdc166ad48d2de262ff462938fcf2a44a4425588f4a0bd690",
    "https://deno.land/std@0.200.0/path/win32.ts": "8b3f80ef7a462511d5e8020ff490edcaa0a0d118f1b1e9da50e2916bdd73f9dd",
    "https://deno.land/std@0.200.0/streams/_common.ts": "f45cba84f0d813de3326466095539602364a9ba521f804cc758f7a475cda692d",
    "https://deno.land/std@0.200.0/streams/buffer.ts": "6cd773d22cf21bb988a98cc551b5abfc4c3b03516f93eaa3fb6f2f6e16032deb",
    "https://deno.land/std@0.200.0/streams/byte_slice_stream.ts": "c46d7c74836fc8c1a9acd9fe211cbe1bbaaee1b36087c834fb03af4991135c3a",
    "https://deno.land/std@0.200.0/streams/copy.ts": "75cbc795ff89291df22ddca5252de88b2e16d40c85d02840593386a8a1454f71",
    "https://deno.land/std@0.200.0/streams/delimiter_stream.ts": "f69e849b3d1f59f02424497273f411105a6f76a9f13da92aeeb9a2d554236814",
    "https://deno.land/std@0.200.0/streams/early_zip_readable_streams.ts": "4005fa74162b943f79899e5d7cb96adcbc0a6b867f9144974ed12d30e0a556e1",
    "https://deno.land/std@0.200.0/streams/iterate_reader.ts": "bbec1d45c2df2c0c5920bad0549351446fdc8e0886d99e95959b259dbcdb6072",
    "https://deno.land/std@0.200.0/streams/limited_bytes_transform_stream.ts": "05dc592ffaab83257494d22dd53917e56243c26e5e3129b3f13ddbbbc4785048",
    "https://deno.land/std@0.200.0/streams/limited_transform_stream.ts": "d69ab790232c1b86f53621ad41ef03c235f2abb4b7a1cd51960ad6e12ee55e38",
    "https://deno.land/std@0.200.0/streams/merge_readable_streams.ts": "dc2db0cbf1b14d999aa2aa2a2a1ba24ce58953878f29845ed9319321d0a01fab",
    "https://deno.land/std@0.200.0/streams/mod.ts": "c07ec010e700b9ea887dc36ca08729828bc7912f711e4054e24d33fd46282252",
    "https://deno.land/std@0.200.0/streams/read_all.ts": "ee319772fb0fd28302f97343cc48dfcf948f154fd0d755d8efe65814b70533be",
    "https://deno.land/std@0.200.0/streams/readable_stream_from_iterable.ts": "a355e97ba8671a4611ae9671c1f33c4a7e6a1b42fbdc9a399338ac3d6f875364",
    "https://deno.land/std@0.200.0/streams/readable_stream_from_reader.ts": "bfc416c4576a30aac6b9af22c9dc292c20c6742141ee7c55b5e85460beb0c54e",
    "https://deno.land/std@0.200.0/streams/reader_from_iterable.ts": "55f68110dce3f8f2c87b834d95f153bc904257fc65175f9f2abe78455cb8047c",
    "https://deno.land/std@0.200.0/streams/reader_from_stream_reader.ts": "fa4971e5615a010e49492c5d1688ca1a4d17472a41e98b498ab89a64ebd7ac73",
    "https://deno.land/std@0.200.0/streams/text_delimiter_stream.ts": "20e680ab8b751390e359288ce764f9c47d164af11a263870746eeca4bc7d976b",
    "https://deno.land/std@0.200.0/streams/text_line_stream.ts": "0f2c4b33a5fdb2476f2e060974cba1347cefe99a4af33c28a57524b1a34750fa",
    "https://deno.land/std@0.200.0/streams/to_transform_stream.ts": "89fd367cafb3b6d80d61e2f4f1fcf66cc75723ecee8d474b495f022264ec6c3b",
    "https://deno.land/std@0.200.0/streams/writable_stream_from_writer.ts": "56fff5c82fb736fdd669b567cc0b2bbbe0351002cd13254eae26c366e2bed89a",
    "https://deno.land/std@0.200.0/streams/write_all.ts": "aec90152978581ea62d56bb53a5cbf487e6a89c902f87c5969681ffbdf32b998",
    "https://deno.land/std@0.200.0/streams/writer_from_stream_writer.ts": "07c7ee025151a190f37fc42cbb01ff93afc949119ebddc6e0d0df14df1bf6950",
    "https://deno.land/std@0.200.0/streams/zip_readable_streams.ts": "a9d81aa451240f79230add674809dbee038d93aabe286e2d9671e66591fc86ca",
    "https://deno.land/std@0.205.0/encoding/_util.ts": "f368920189c4fe6592ab2e93bd7ded8f3065b84f95cd3e036a4a10a75649dcba",
    "https://deno.land/std@0.205.0/encoding/base64.ts": "cc03110d6518170aeaa68ec97f89c6d6e2276294b30807e7332591d7ce2e4b72",
    "https://deno.land/std@0.205.0/encoding/base64url.ts": "7608862858d28a003f9d6cb78dd61e645ecd1ae1f45faf0e09a306eafe66b16e",
    "https://deno.land/x/cors@v1.2.2/abcCors.ts": "cdf83a7eaa69a1bf3ab910d18b9422217902fac47601adcaf0afac5a61845d48",
    "https://deno.land/x/cors@v1.2.2/attainCors.ts": "7d6aba0f942495cc31119604e0895c9bb8edd8f8baa7fe78e6c655bd0b4cbf59",
    "https://deno.land/x/cors@v1.2.2/cors.ts": "0e2d9167e3685f9bcf48f565e312b6e1883fa458f7337e5ce7bc2e3b29767980",
    "https://deno.land/x/cors@v1.2.2/mithCors.ts": "3a359d6e716e0410ede278ab54d875b293a2d66d838aaa7cfbf9ddc1e9e990d3",
    "https://deno.land/x/cors@v1.2.2/mod.ts": "2b351913f56d77ad80cb3b8633d4539c9eeddb426dae79437ada0e6a9cb4f1a6",
    "https://deno.land/x/cors@v1.2.2/oakCors.ts": "1348dc7673c61b85d2e80559a7b44f8e0246eaa6bcc6ec744fafe5d9b13b5c71",
    "https://deno.land/x/cors@v1.2.2/opineCors.ts": "fb5790115c26b7061d84b8d6c17d258a1e241bcab75b0bc3ca1fdb2e57bc5072",
    "https://deno.land/x/cors@v1.2.2/types.ts": "97546633ccc7f0df7a29bacba5d91dc6f61decdd1b65258300244dba905d34b8",
    "https://deno.land/x/djwt@v3.0.1/algorithm.ts": "b1c6645f9dbd6e6c47c123a3b18c28b956f91c65ed17f5b6d5d968fc3750542b",
    "https://deno.land/x/djwt@v3.0.1/deps.ts": "c8b329dc18c54f93879699ffb728bd805d548f7c64c4d2916efa5fb2c712cc47",
    "https://deno.land/x/djwt@v3.0.1/mod.ts": "eca176976595654b8a536e7b8029a029c435d079ef58feff2d3bde33ea107417",
    "https://deno.land/x/djwt@v3.0.1/signature.ts": "a5649368a4b433b2810e7d47f53661fe3b0f7fe1778cb49234ceae3d6e861185",
    "https://deno.land/x/djwt@v3.0.1/util.ts": "5cb264d2125c553678e11446bcfa0494025d120e3f59d0a3ab38f6800def697d",
    "https://deno.land/x/neo4j_lite_client@4.4.1-preview2/bolt-connection/bolt/bolt-protocol-util.js": "47e3d46fd1f09c2b16fbc2551f68a0094359157f3f009fcfce6e66f046aa316e",
    "https://deno.land/x/neo4j_lite_client@4.4.1-preview2/bolt-connection/bolt/bolt-protocol-v1.js": "58f1068923003a0901a135eeabb52e2088dad5bf2209f556a795d7c14b08dc47",
    "https://deno.land/x/neo4j_lite_client@4.4.1-preview2/bolt-connection/bolt/bolt-protocol-v2.js": "42d21002115e59065bc7f0b619d1ec4ac0e1a0d86999cc8eb08b9191f729a331",
    "https://deno.land/x/neo4j_lite_client@4.4.1-preview2/bolt-connection/bolt/bolt-protocol-v3.js": "7450f8b33d1bba518ee0fc5176a4f2505327bf0328f341cff26f785d01aba0e5",
    "https://deno.land/x/neo4j_lite_client@4.4.1-preview2/bolt-connection/bolt/bolt-protocol-v4x0.js": "aaa74b13aeaea6634895785c9678d81dbefee751123fe60111fca165401eb95d",
    "https://deno.land/x/neo4j_lite_client@4.4.1-preview2/bolt-connection/bolt/bolt-protocol-v4x1.js": "3ab0b82914ca9f31ebbe78f6d2ae2b6877b885698191d9b1e1da2d544bd04e4b",
    "https://deno.land/x/neo4j_lite_client@4.4.1-preview2/bolt-connection/bolt/bolt-protocol-v4x2.js": "c4df53425aa58c80e7f2ad255a5d9a3b3e9f7e34d91ce9e79dd14a6dd61fd609",
    "https://deno.land/x/neo4j_lite_client@4.4.1-preview2/bolt-connection/bolt/bolt-protocol-v4x3.js": "7bbe3e68ce57f80d7823b6e49e59acd48cd1f7d3a25eed80c14420a7a1a9432c",
    "https://deno.land/x/neo4j_lite_client@4.4.1-preview2/bolt-connection/bolt/bolt-protocol-v4x4.js": "60a81ec87741321db1a989d0dd5f143533d367551955d08963752be407d3bfc0",
    "https://deno.land/x/neo4j_lite_client@4.4.1-preview2/bolt-connection/bolt/create.js": "e74520abffff9161ac473270302788684d8a2bb34d15df885dbaa1f0fe405c75",
    "https://deno.land/x/neo4j_lite_client@4.4.1-preview2/bolt-connection/bolt/handshake.js": "7e384202ba3e189f2b3fd3e4e4f89e519e1b3016c7199f94cb11de44c247d6e2",
    "https://deno.land/x/neo4j_lite_client@4.4.1-preview2/bolt-connection/bolt/index.js": "623077c38eaa563baeef98fdb5a339a3c13ac9b2246f5d07246e6ce2c8a8bf17",
    "https://deno.land/x/neo4j_lite_client@4.4.1-preview2/bolt-connection/bolt/request-message.js": "a9ea5e0677f51faee9b8338597cdf156b074782c8303e28664ce7f36b6928ed9",
    "https://deno.land/x/neo4j_lite_client@4.4.1-preview2/bolt-connection/bolt/response-handler.js": "5ede6b8a49f511ee5e895419e1c731c03d1194343984dabf825f42ac06444b96",
    "https://deno.land/x/neo4j_lite_client@4.4.1-preview2/bolt-connection/bolt/routing-table-raw.js": "97ec9e69e583cea2938dfcc95c5f5c5c43e42a8377ba5d93be4c089d17c6fb34",
    "https://deno.land/x/neo4j_lite_client@4.4.1-preview2/bolt-connection/bolt/stream-observers.js": "97fc6c8f449aa647cce7a3ba55cd504228e508514c78eaa7894fcade8e847b62",
    "https://deno.land/x/neo4j_lite_client@4.4.1-preview2/bolt-connection/buf/base-buf.js": "5b6f7ce7f0491cb60ed8c9b1eb3c9cb50f28f53b5281481daa378f9b79894080",
    "https://deno.land/x/neo4j_lite_client@4.4.1-preview2/bolt-connection/buf/index.js": "c8b33c6bdba4acfc8b08dfb643e0f98e8df1589b09b8531375a12d786b1b47c1",
    "https://deno.land/x/neo4j_lite_client@4.4.1-preview2/bolt-connection/channel/browser/browser-channel.js": "b2075b9f51b6becaeaef3c9005a166f357adb276037af1c3594ab9f68edecff0",
    "https://deno.land/x/neo4j_lite_client@4.4.1-preview2/bolt-connection/channel/browser/browser-host-name-resolver.js": "81135a01c4ccdc7c27ddbf3f719c4925df50e69dbb1ed9380adef106d8be76b4",
    "https://deno.land/x/neo4j_lite_client@4.4.1-preview2/bolt-connection/channel/browser/index.js": "8b3bad16e18186bf1bce392c913a544ee39e3ec9794b8d8a30a271979ed4f990",
    "https://deno.land/x/neo4j_lite_client@4.4.1-preview2/bolt-connection/channel/channel-buf.js": "8e1d76a02bee210176e418d33f0e4fc9f3d499b8b207fe26a931281fad3741b4",
    "https://deno.land/x/neo4j_lite_client@4.4.1-preview2/bolt-connection/channel/channel-config.js": "2696b3977b5150d2982796c107150f5bda609f95f7d9e66896ea98f5a59c6166",
    "https://deno.land/x/neo4j_lite_client@4.4.1-preview2/bolt-connection/channel/chunking.js": "d14df2b693c6cf37fbbff3415b05a7f7f84cb21e7db43a758daae7cc0b4426fb",
    "https://deno.land/x/neo4j_lite_client@4.4.1-preview2/bolt-connection/channel/combined-buf.js": "dfb4fd604fc76ef56f7aca3377b5228c063d65c4a03d8aa4fd11a87ab826e333",
    "https://deno.land/x/neo4j_lite_client@4.4.1-preview2/bolt-connection/channel/index.js": "acc57d5650e03e762c9a9d86a1c6784d8cbe8811186aef15dd13443923ee03d5",
    "https://deno.land/x/neo4j_lite_client@4.4.1-preview2/bolt-connection/channel/utf8.js": "f1aac3ab2321f0f35ee92eda6150f13c66c86d82ed6490ccfe1a139eb0b745b9",
    "https://deno.land/x/neo4j_lite_client@4.4.1-preview2/bolt-connection/connection-provider/connection-provider-direct.js": "1575528048a7e63f5097f3336a0637c3e4f47f1fa161ca5f2561f5ae04de60e7",
    "https://deno.land/x/neo4j_lite_client@4.4.1-preview2/bolt-connection/connection-provider/connection-provider-pooled.js": "4b83f9c428eef6a1a19608663d7debe6fca58dd508c5ea611cbde3cb3073e2d2",
    "https://deno.land/x/neo4j_lite_client@4.4.1-preview2/bolt-connection/connection-provider/connection-provider-routing.js": "5b59214b881ac1c8e008d8d8e8c1998dcad51ac0455566cb3d2f935bc3f14f50",
    "https://deno.land/x/neo4j_lite_client@4.4.1-preview2/bolt-connection/connection-provider/connection-provider-single.js": "678de65ad1738f975b945b979a1ff3fb982d3d2c1027da965e3e8e384472591c",
    "https://deno.land/x/neo4j_lite_client@4.4.1-preview2/bolt-connection/connection-provider/index.js": "db4be571df9860cd1c1faed15fb290546d8df470145c294e6ba5837a950cbe41",
    "https://deno.land/x/neo4j_lite_client@4.4.1-preview2/bolt-connection/connection/connection-channel.js": "49f654dbc86de940e8b345fe7e42be5c6fdf0d068f3418d4e7f05803442a8e8d",
    "https://deno.land/x/neo4j_lite_client@4.4.1-preview2/bolt-connection/connection/connection-delegate.js": "27bf03ab6c111b710ffbfc37300cf681f9c00c59461450b27d2d0d011ada2894",
    "https://deno.land/x/neo4j_lite_client@4.4.1-preview2/bolt-connection/connection/connection-error-handler.js": "56d84971b65e4e57bc847a6f8e41f08586381c64d686cf06f59a5f1523d940ff",
    "https://deno.land/x/neo4j_lite_client@4.4.1-preview2/bolt-connection/connection/connection.js": "8602bd5e9fcf14eaa87e7fed1ed602829b69b71a2d82f9cf19c1a935d52ffd60",
    "https://deno.land/x/neo4j_lite_client@4.4.1-preview2/bolt-connection/connection/index.js": "b27db34c1ac3a42437d422c0eae5debc09657de5a20485d2f99156d49dce13a7",
    "https://deno.land/x/neo4j_lite_client@4.4.1-preview2/bolt-connection/index.js": "ad963f40c9160e984ca68b3a7da6c58f2d5095d0e659be98b04bcefbe2f93037",
    "https://deno.land/x/neo4j_lite_client@4.4.1-preview2/bolt-connection/load-balancing/index.js": "e0f72859e6ff5d45ffba9a958e81f2a6e4646083bda3281c4337228b3a1ffaa9",
    "https://deno.land/x/neo4j_lite_client@4.4.1-preview2/bolt-connection/load-balancing/least-connected-load-balancing-strategy.js": "3de87d1026228d39b169f478a2c0bd77a29534f766d5acedfe880379f61f9d81",
    "https://deno.land/x/neo4j_lite_client@4.4.1-preview2/bolt-connection/load-balancing/load-balancing-strategy.js": "479357771c172f8c9e379f53a7c20f66a9a28c4975b5515dcf92cae7fcbdbd2a",
    "https://deno.land/x/neo4j_lite_client@4.4.1-preview2/bolt-connection/load-balancing/round-robin-array-index.js": "f6bef687f47ca81ea3247121fbc8430719ea79c4ae54ea9f4ed0f33430b22592",
    "https://deno.land/x/neo4j_lite_client@4.4.1-preview2/bolt-connection/packstream/index.js": "f242450d1087d5e2f1e2667219a1667b4d590be82df9249be6da2dcc711805fa",
    "https://deno.land/x/neo4j_lite_client@4.4.1-preview2/bolt-connection/packstream/packstream-v1.js": "2d4a558580e2d94b2e45a2b90d779c2d7a3675a587f45d0b344404f184e81c9f",
    "https://deno.land/x/neo4j_lite_client@4.4.1-preview2/bolt-connection/packstream/packstream-v2.js": "80e42ff55e7149a63ffcfce212cbce9fb02481f8be865ffb26651b251ba9c209",
    "https://deno.land/x/neo4j_lite_client@4.4.1-preview2/bolt-connection/packstream/temporal-factory.js": "edc8bcb34f5fdef74136748e717499310cac9d36919082a3cfb4adc976e6a528",
    "https://deno.land/x/neo4j_lite_client@4.4.1-preview2/bolt-connection/pool/index.js": "0b17c362a8c28f1042cc14fab6a1a7bb8f63e0db6095c06cd0d4fda82e2bf9c8",
    "https://deno.land/x/neo4j_lite_client@4.4.1-preview2/bolt-connection/pool/pool-config.js": "3e142fd2ddb8457a998ad8394233e52cf1de66df7ac4dc598321f067c3a78be8",
    "https://deno.land/x/neo4j_lite_client@4.4.1-preview2/bolt-connection/pool/pool.js": "4926cc9d5e7139e24ad7a9d9c489236766867e2340e47717d046db9740824029",
    "https://deno.land/x/neo4j_lite_client@4.4.1-preview2/bolt-connection/rediscovery/index.js": "6e1dac7648ce4ef13ea4cd37d4a5612031471ade7bf6292b72c4fb4e806bce47",
    "https://deno.land/x/neo4j_lite_client@4.4.1-preview2/bolt-connection/rediscovery/rediscovery.js": "bf1955958e5706fbb68dc18efa817e90ab7cb3779df9308a19ac12a26c829fab",
    "https://deno.land/x/neo4j_lite_client@4.4.1-preview2/bolt-connection/rediscovery/routing-table.js": "364c0d54aaa81e60b9e48df19d748281212ee16bc19139b0334b888f270edfea",
    "https://deno.land/x/neo4j_lite_client@4.4.1-preview2/core/auth.ts": "7d7f161ccacfdecc181dca204019a170ce06c6876a9092d1a53db9c84e93c6b7",
    "https://deno.land/x/neo4j_lite_client@4.4.1-preview2/core/connection-provider.ts": "c6d1b078fea4739ee8d83f186da83d455035f65fdf089fb8d3a26fa96bb1abe5",
    "https://deno.land/x/neo4j_lite_client@4.4.1-preview2/core/connection.ts": "062108817a8d0c74b8c4635e8683957e1c34ac3dfa38198d426bcefcd77ede60",
    "https://deno.land/x/neo4j_lite_client@4.4.1-preview2/core/driver.ts": "054d1f2d8911e930ad3c7d488619e4befa9fe2c27b6e76d2a78742c0e635b4f4",
    "https://deno.land/x/neo4j_lite_client@4.4.1-preview2/core/error.ts": "976c9fe87a1628ac80da9d3a1dc6e1d6ea41a3f3e97886c932dfb217f03b3d2a",
    "https://deno.land/x/neo4j_lite_client@4.4.1-preview2/core/graph-types.ts": "4926281a00b57e798927f43d0706b6057fef617d120b480b8fd339042140dda7",
    "https://deno.land/x/neo4j_lite_client@4.4.1-preview2/core/index.ts": "ef9f18bb45ac44ffff07c376c134d404a698611dbddca99f7b7530e93aca2b46",
    "https://deno.land/x/neo4j_lite_client@4.4.1-preview2/core/integer.ts": "ed179c7be222c340f171b177d53c8852babe588109eedeaac1135a7563b4772a",
    "https://deno.land/x/neo4j_lite_client@4.4.1-preview2/core/internal/bookmark.ts": "86c75f5a7c915c67dd4c9de98f2c07a4208dc6f5a20bc37224a896e439bbfcbf",
    "https://deno.land/x/neo4j_lite_client@4.4.1-preview2/core/internal/connection-holder.ts": "2f400c566016d7cb09d8c2fd020faa4ab0c3ec48755a0454b457b403111ba66d",
    "https://deno.land/x/neo4j_lite_client@4.4.1-preview2/core/internal/connectivity-verifier.ts": "0279b05b0138e3b38559893499b5860d80d45a0d8ce5a7d9a308a7df07fd5fb1",
    "https://deno.land/x/neo4j_lite_client@4.4.1-preview2/core/internal/constants.ts": "1ec98f302ad3398bcb1853d7f46c8ebe2d6cdd9fd8535715c5b3ef05dd4e4a0f",
    "https://deno.land/x/neo4j_lite_client@4.4.1-preview2/core/internal/index.ts": "a761f2821650de3fd051febac85e3786c16acfa2b752a6eaf385b9490effa11f",
    "https://deno.land/x/neo4j_lite_client@4.4.1-preview2/core/internal/logger.ts": "07d53b8af94fcf2687110568c146731f0e94e2b77415d3155da5e5498700bf80",
    "https://deno.land/x/neo4j_lite_client@4.4.1-preview2/core/internal/observers.ts": "03b945ed8e6daa90edeaf06222420063267158d3d12c088053856eaa590c86bc",
    "https://deno.land/x/neo4j_lite_client@4.4.1-preview2/core/internal/resolver/base-host-name-resolver.ts": "bad83067671a6dec976b8a750f1710dc0645732e40a59a64fc11ba25305750a2",
    "https://deno.land/x/neo4j_lite_client@4.4.1-preview2/core/internal/resolver/configured-custom-resolver.ts": "948ddee2e38a26c68437311091c90eff6eaf5ff769a67b25b90d00a85e3036bf",
    "https://deno.land/x/neo4j_lite_client@4.4.1-preview2/core/internal/resolver/index.ts": "df84e195090ae17eb0af7ab8020ecd78068fab8abf635b93e15bba7769c48e00",
    "https://deno.land/x/neo4j_lite_client@4.4.1-preview2/core/internal/retry-strategy.ts": "ec4bbb4721a4a9bab07949c32f39208e9993a8a71274110ce91504a46764160c",
    "https://deno.land/x/neo4j_lite_client@4.4.1-preview2/core/internal/server-address.ts": "dbe6f9dcb17ce798ac27a09938e5696c633f9c9ed2f672ec25a1700243a65d11",
    "https://deno.land/x/neo4j_lite_client@4.4.1-preview2/core/internal/temporal-util.ts": "38d3f45bb02a98d525acb2fdfde844d92e62bf09193cfb41fe92c4456c96326d",
    "https://deno.land/x/neo4j_lite_client@4.4.1-preview2/core/internal/transaction-executor.ts": "8f3004fed3a6ba082de9ea6c9417ebe9010f27e8b4a181494e75562913ef7574",
    "https://deno.land/x/neo4j_lite_client@4.4.1-preview2/core/internal/tx-config.ts": "8315560c6f68c991eccea62f3603120b7c7aea7ef9488cacffd90225c0bd8375",
    "https://deno.land/x/neo4j_lite_client@4.4.1-preview2/core/internal/url-util.ts": "decc1a0e993336f1bce2121e0b0d2e9860f48147ced47ca6bc7d4fe27008b006",
    "https://deno.land/x/neo4j_lite_client@4.4.1-preview2/core/internal/util.ts": "b5738a1401681e1543411bd086e5c2933f1ff009ac4d7a5c85c3f7fb9812d2de",
    "https://deno.land/x/neo4j_lite_client@4.4.1-preview2/core/json.ts": "3631948282a9594c8aea15ffed42e20436551acd8faddfaeedc303207250d7c1",
    "https://deno.land/x/neo4j_lite_client@4.4.1-preview2/core/record.ts": "be4e94847dbdba6ecde5b0c4dd547096f8dbbe9d0e373855605792448e642a60",
    "https://deno.land/x/neo4j_lite_client@4.4.1-preview2/core/result-summary.ts": "a63ee27260dca322ff3dae13ab88e2c14db0f6373fbff0af031aa738375cb0ac",
    "https://deno.land/x/neo4j_lite_client@4.4.1-preview2/core/result.ts": "c13b7daf144b1ab75fb684f96ea66f40a918854d924c341255acf5686bee30c9",
    "https://deno.land/x/neo4j_lite_client@4.4.1-preview2/core/session.ts": "b5ab266d14706798bf4a56a0f07fc15e113f5fc83260b00bb657775a72a1b62f",
    "https://deno.land/x/neo4j_lite_client@4.4.1-preview2/core/spatial-types.ts": "e3470fa458bf51c29552b894dd356b53c4f42c6755d0c59fe921477dc079ef89",
    "https://deno.land/x/neo4j_lite_client@4.4.1-preview2/core/temporal-types.ts": "d1d13003b8241cc0f9a18f10e5e2e55b5b599828ecbd7ee28c4c0a7ad08232b0",
    "https://deno.land/x/neo4j_lite_client@4.4.1-preview2/core/transaction.ts": "e47b8662a81deae23018c6a0e0fb9276069a05a705aee7183503c037c9998c49",
    "https://deno.land/x/neo4j_lite_client@4.4.1-preview2/core/types.ts": "4ed7c7635544da0421ef0964c691f2e5e4f108ee1fa770ab0234436cf45e4e50",
    "https://deno.land/x/neo4j_lite_client@4.4.1-preview2/mod.ts": "70744361f6c77cd5e9f6b2bc8b4cadd6243caab53bafe236fd005b6398cd305f",
    "https://deno.land/x/neo4j_lite_client@4.4.1-preview2/version.ts": "846ecba42e5de739d0c86a4ba0d41f350d2bd1a00c75bbbc4722599044d43852",
    "https://deno.land/x/oak@v12.6.1/application.ts": "3028d3f6fa5ee743de013881550d054372c11d83c45099c2d794033786d27008",
    "https://deno.land/x/oak@v12.6.1/body.ts": "1899761b97fc9d776f3710b2637fb047ba29b968609afc6c0e5219b1108e703c",
    "https://deno.land/x/oak@v12.6.1/buf_reader.ts": "26640736541598dbd9f2b84a9d0595756afff03c9ca55b66eef1911f7798b56d",
    "https://deno.land/x/oak@v12.6.1/content_disposition.ts": "8b8c3cb2fba7138cd5b7f82fc3b5ea39b33db924a824b28261659db7e164621e",
    "https://deno.land/x/oak@v12.6.1/context.ts": "895a2d40186b89c28ba3947bf08a9335f1a11fc33133f760082536b74c53d1ca",
    "https://deno.land/x/oak@v12.6.1/deps.ts": "267ef76c25592101fe1f6c6d7730664015a9179c974da4f7441297d9367a9514",
    "https://deno.land/x/oak@v12.6.1/etag.ts": "32e47726b41698aefdd71faac5aaf2907c9bdd41ef18a7693863be4f8fee115d",
    "https://deno.land/x/oak@v12.6.1/forwarded.ts": "e656f96a85574e2a6ee54dc35efc9f72d543c9ae0923760ef426ee7369eef01c",
    "https://deno.land/x/oak@v12.6.1/headers.ts": "769fd042d34fbcd5667cbd745b5c65d335cc8430e822dbf1f87d65313cab4b47",
    "https://deno.land/x/oak@v12.6.1/helpers.ts": "6b03c6a2be06ec775d54449e442a2bac234aa952948ca758356eab6dc87af618",
    "https://deno.land/x/oak@v12.6.1/http_server_native.ts": "98e12c50a959553cfc144bc00999c969fa69ca781cbd96bec563f55691ab82db",
    "https://deno.land/x/oak@v12.6.1/http_server_native_request.ts": "552b174b5e13e92de8897d5b6f716b1e5a53543115481d65a651a41e4ca29ec9",
    "https://deno.land/x/oak@v12.6.1/isMediaType.ts": "62d638abcf837ece3a8f07a4b7ca59794135cb0d4b73194c7d5837efd4161005",
    "https://deno.land/x/oak@v12.6.1/mediaTyper.ts": "042b853fc8e9c3f6c628dd389e03ef481552bf07242efc3f8a1af042102a6105",
    "https://deno.land/x/oak@v12.6.1/middleware.ts": "c7f7a0424a6dd99a00e4b8d7d6e131efc0facc8dea781845d713b63df8ef1862",
    "https://deno.land/x/oak@v12.6.1/middleware/proxy.ts": "6f2799cf60d926e7a8d13ff757a59d7f0f930407db7ee9b81e7c064138eb89ff",
    "https://deno.land/x/oak@v12.6.1/mod.ts": "f6aa47ad1b6099470c9a884cccad9d3ac0fd242ba940896291ab76cd26cf554b",
    "https://deno.land/x/oak@v12.6.1/multipart.ts": "1484e01b98f5135f2aa09f7d0ce1e7be39109bf9f045ac660e941619d04e3d29",
    "https://deno.land/x/oak@v12.6.1/range.ts": "1ca15fc1ac21c650c34e6997a75af2af9d9d8eb6fe2d5d1dadeac3dfd4a9c152",
    "https://deno.land/x/oak@v12.6.1/request.ts": "32409827e285ee65889b22bbaaea5d6b280258124c2e9a4f724baa8e6d6375b7",
    "https://deno.land/x/oak@v12.6.1/response.ts": "094d950a5158f5b3446ca8a7b6e975dd23afb42b38c38517cc2f41dc75b16b4c",
    "https://deno.land/x/oak@v12.6.1/router.ts": "0f53d6249f9e8f89f2522b2b810b9302d0f22593c184b16b24b03bf2b7d42ea1",
    "https://deno.land/x/oak@v12.6.1/send.ts": "5ec49f106294593f468317a0c885da4f3274bf6d0fe9e16a7304391730b4f4fb",
    "https://deno.land/x/oak@v12.6.1/structured_clone.ts": "c3888b14d1eec558345bfbf13d0993d59bd45aaa8588444e35dd558c3a921cd8",
    "https://deno.land/x/oak@v12.6.1/testing.ts": "37d684d57bb8e5150fb5eb2677e66b04dcb422709cf2c5a74c1df94d52aa02e2",
    "https://deno.land/x/oak@v12.6.1/util.ts": "0a3fdffb114859c2de84e1783efa3a544af4d2af8c6f08e0d25655de9d3e69bb",
    "https://deno.land/x/path_to_regexp@v6.2.1/index.ts": "894060567837bae8fc9c5cbd4d0a05e9024672083d5883b525c031eea940e556"
  }
}
